
Microsoft Visual Studio Solution File, Format Version 12.00
# Visual Studio Version 16
VisualStudioVersion = 16.0.29306.81
MinimumVisualStudioVersion = 10.0.40219.1
Project("{FAE04EC0-301F-11D3-BF4B-00C04F79EFBC}") = "AppDAEREST", "AppDAEREST\AppDAEREST.csproj", "{AE2CA1DC-C6DC-491B-87DE-7B8489EF46F3}"
EndProject
Global
	GlobalSection(SolutionConfigurationPlatforms) = preSolution
		Debug|Any CPU = Debug|Any CPU
		Release|Any CPU = Release|Any CPU
	EndGlobalSection
	GlobalSection(ProjectConfigurationPlatforms) = postSolution
		{AE2CA1DC-C6DC-491B-87DE-7B8489EF46F3}.Debug|Any CPU.ActiveCfg = Debug|Any CPU
		{AE2CA1DC-C6DC-491B-87DE-7B8489EF46F3}.Debug|Any CPU.Build.0 = Debug|Any CPU
		{AE2CA1DC-C6DC-491B-87DE-7B8489EF46F3}.Release|Any CPU.ActiveCfg = Release|Any CPU
		{AE2CA1DC-C6DC-491B-87DE-7B8489EF46F3}.Release|Any CPU.Build.0 = Release|Any CPU
	EndGlobalSection
	GlobalSection(SolutionProperties) = preSolution
		HideSolutionNode = FALSE
	EndGlobalSection
	GlobalSection(ExtensibilityGlobals) = postSolution
		SolutionGuid = {5A9C93C2-A65D-4F99-909A-E7DC171CEB3F}
	EndGlobalSection
EndGlobal
